
Microsoft Visual Studio Solution File, Format Version 12.00
# Visual Studio Version 16
VisualStudioVersion = 16.0.30711.63
MinimumVisualStudioVersion = 10.0.40219.1
Project("{FAE04EC0-301F-11D3-BF4B-00C04F79EFBC}") = "ToursApplication", "ToursApplication\ToursApplication.csproj", "{CF0B0612-3375-4DCA-9C2A-8FCF574256AC}"
EndProject
Project("{FAE04EC0-301F-11D3-BF4B-00C04F79EFBC}") = "DataBase", "DataBase\DataBase.csproj", "{24C4DC4B-E26A-4EE8-B11F-9DE0E470F11F}"
EndProject
Project("{FAE04EC0-301F-11D3-BF4B-00C04F79EFBC}") = "Logic", "Logic\Logic.csproj", "{C403E139-A0A7-4724-A197-B00FA88EB3E3}"
EndProject
Global
	GlobalSection(SolutionConfigurationPlatforms) = preSolution
		Debug|Any CPU = Debug|Any CPU
		Release|Any CPU = Release|Any CPU
	EndGlobalSection
	GlobalSection(ProjectConfigurationPlatforms) = postSolution
		{CF0B0612-3375-4DCA-9C2A-8FCF574256AC}.Debug|Any CPU.ActiveCfg = Debug|Any CPU
		{CF0B0612-3375-4DCA-9C2A-8FCF574256AC}.Debug|Any CPU.Build.0 = Debug|Any CPU
		{CF0B0612-3375-4DCA-9C2A-8FCF574256AC}.Release|Any CPU.ActiveCfg = Release|Any CPU
		{CF0B0612-3375-4DCA-9C2A-8FCF574256AC}.Release|Any CPU.Build.0 = Release|Any CPU
		{24C4DC4B-E26A-4EE8-B11F-9DE0E470F11F}.Debug|Any CPU.ActiveCfg = Debug|Any CPU
		{24C4DC4B-E26A-4EE8-B11F-9DE0E470F11F}.Debug|Any CPU.Build.0 = Debug|Any CPU
		{24C4DC4B-E26A-4EE8-B11F-9DE0E470F11F}.Release|Any CPU.ActiveCfg = Release|Any CPU
		{24C4DC4B-E26A-4EE8-B11F-9DE0E470F11F}.Release|Any CPU.Build.0 = Release|Any CPU
		{C403E139-A0A7-4724-A197-B00FA88EB3E3}.Debug|Any CPU.ActiveCfg = Debug|Any CPU
		{C403E139-A0A7-4724-A197-B00FA88EB3E3}.Debug|Any CPU.Build.0 = Debug|Any CPU
		{C403E139-A0A7-4724-A197-B00FA88EB3E3}.Release|Any CPU.ActiveCfg = Release|Any CPU
		{C403E139-A0A7-4724-A197-B00FA88EB3E3}.Release|Any CPU.Build.0 = Release|Any CPU
	EndGlobalSection
	GlobalSection(SolutionProperties) = preSolution
		HideSolutionNode = FALSE
	EndGlobalSection
	GlobalSection(ExtensibilityGlobals) = postSolution
		SolutionGuid = {42FCA8F7-C155-4638-9697-D47C7878BD9D}
	EndGlobalSection
EndGlobal
